
Microsoft Visual Studio Solution File, Format Version 12.00
# Visual Studio 2013
VisualStudioVersion = 12.0.40629.0
MinimumVisualStudioVersion = 10.0.40219.1
Project("{FAE04EC0-301F-11D3-BF4B-00C04F79EFBC}") = "HypermediaEngine", "HypermediaEngine\HypermediaEngine.csproj", "{D9C3F804-C033-4625-8F63-DB7140762D18}"
EndProject
Project("{2150E333-8FDC-42A3-9474-1A3956D46DE8}") = ".nuget", ".nuget", "{3E3FEDE3-E7B2-444D-BA8E-01ED85EC8CDB}"
	ProjectSection(SolutionItems) = preProject
		.nuget\NuGet.Config = .nuget\NuGet.Config
		.nuget\NuGet.exe = .nuget\NuGet.exe
		.nuget\NuGet.targets = .nuget\NuGet.targets
	EndProjectSection
EndProject
Project("{FAE04EC0-301F-11D3-BF4B-00C04F79EFBC}") = "Core", "Core\Core.csproj", "{15FF1DDB-D62E-4437-971A-42C0E8234E94}"
EndProject
Project("{FAE04EC0-301F-11D3-BF4B-00C04F79EFBC}") = "Domain", "Domain\Domain.csproj", "{918FD097-BFC6-460E-8F90-627BE5D64187}"
EndProject
Project("{2150E333-8FDC-42A3-9474-1A3956D46DE8}") = "Infrastructure", "Infrastructure", "{A12500F4-4263-409C-97C2-3C03F65C2649}"
EndProject
Project("{FAE04EC0-301F-11D3-BF4B-00C04F79EFBC}") = "Persistency.InMemory", "Persistency.InMemory\Persistency.InMemory.csproj", "{3EDA007F-7A79-47B9-9A75-1342A58F42FD}"
EndProject
Project("{FAE04EC0-301F-11D3-BF4B-00C04F79EFBC}") = "Hypermedia.Siren", "Api.Hypermedia.Siren\Hypermedia.Siren.csproj", "{3B2780C4-3A98-422E-A1D0-59D8D1DB8A36}"
EndProject
Project("{2150E333-8FDC-42A3-9474-1A3956D46DE8}") = "Tests", "Tests", "{0B0B14CC-0BAE-4C96-B182-A11EC5B4277C}"
EndProject
Project("{FAE04EC0-301F-11D3-BF4B-00C04F79EFBC}") = "Acceptance", "Tests\Acceptance\Acceptance.csproj", "{85D81380-B4AF-44E4-9099-802B26BBC682}"
EndProject
Global
	GlobalSection(SolutionConfigurationPlatforms) = preSolution
		Debug|Any CPU = Debug|Any CPU
		Release|Any CPU = Release|Any CPU
	EndGlobalSection
	GlobalSection(ProjectConfigurationPlatforms) = postSolution
		{D9C3F804-C033-4625-8F63-DB7140762D18}.Debug|Any CPU.ActiveCfg = Debug|Any CPU
		{D9C3F804-C033-4625-8F63-DB7140762D18}.Debug|Any CPU.Build.0 = Debug|Any CPU
		{D9C3F804-C033-4625-8F63-DB7140762D18}.Release|Any CPU.ActiveCfg = Release|Any CPU
		{D9C3F804-C033-4625-8F63-DB7140762D18}.Release|Any CPU.Build.0 = Release|Any CPU
		{15FF1DDB-D62E-4437-971A-42C0E8234E94}.Debug|Any CPU.ActiveCfg = Debug|Any CPU
		{15FF1DDB-D62E-4437-971A-42C0E8234E94}.Debug|Any CPU.Build.0 = Debug|Any CPU
		{15FF1DDB-D62E-4437-971A-42C0E8234E94}.Release|Any CPU.ActiveCfg = Release|Any CPU
		{15FF1DDB-D62E-4437-971A-42C0E8234E94}.Release|Any CPU.Build.0 = Release|Any CPU
		{918FD097-BFC6-460E-8F90-627BE5D64187}.Debug|Any CPU.ActiveCfg = Debug|Any CPU
		{918FD097-BFC6-460E-8F90-627BE5D64187}.Debug|Any CPU.Build.0 = Debug|Any CPU
		{918FD097-BFC6-460E-8F90-627BE5D64187}.Release|Any CPU.ActiveCfg = Release|Any CPU
		{918FD097-BFC6-460E-8F90-627BE5D64187}.Release|Any CPU.Build.0 = Release|Any CPU
		{3EDA007F-7A79-47B9-9A75-1342A58F42FD}.Debug|Any CPU.ActiveCfg = Debug|Any CPU
		{3EDA007F-7A79-47B9-9A75-1342A58F42FD}.Debug|Any CPU.Build.0 = Debug|Any CPU
		{3EDA007F-7A79-47B9-9A75-1342A58F42FD}.Release|Any CPU.ActiveCfg = Release|Any CPU
		{3EDA007F-7A79-47B9-9A75-1342A58F42FD}.Release|Any CPU.Build.0 = Release|Any CPU
		{3B2780C4-3A98-422E-A1D0-59D8D1DB8A36}.Debug|Any CPU.ActiveCfg = Debug|Any CPU
		{3B2780C4-3A98-422E-A1D0-59D8D1DB8A36}.Debug|Any CPU.Build.0 = Debug|Any CPU
		{3B2780C4-3A98-422E-A1D0-59D8D1DB8A36}.Release|Any CPU.ActiveCfg = Release|Any CPU
		{3B2780C4-3A98-422E-A1D0-59D8D1DB8A36}.Release|Any CPU.Build.0 = Release|Any CPU
		{85D81380-B4AF-44E4-9099-802B26BBC682}.Debug|Any CPU.ActiveCfg = Debug|Any CPU
		{85D81380-B4AF-44E4-9099-802B26BBC682}.Debug|Any CPU.Build.0 = Debug|Any CPU
		{85D81380-B4AF-44E4-9099-802B26BBC682}.Release|Any CPU.ActiveCfg = Release|Any CPU
		{85D81380-B4AF-44E4-9099-802B26BBC682}.Release|Any CPU.Build.0 = Release|Any CPU
	EndGlobalSection
	GlobalSection(SolutionProperties) = preSolution
		HideSolutionNode = FALSE
	EndGlobalSection
	GlobalSection(NestedProjects) = preSolution
		{3EDA007F-7A79-47B9-9A75-1342A58F42FD} = {A12500F4-4263-409C-97C2-3C03F65C2649}
		{3B2780C4-3A98-422E-A1D0-59D8D1DB8A36} = {A12500F4-4263-409C-97C2-3C03F65C2649}
		{85D81380-B4AF-44E4-9099-802B26BBC682} = {0B0B14CC-0BAE-4C96-B182-A11EC5B4277C}
	EndGlobalSection
EndGlobal
